{
  "requires": true,
  "lockfileVersion": 1,
  "dependencies": {
    "buefy": {
      "version": "0.9.22",
      "resolved": "https://registry.npmmirror.com/buefy/-/buefy-0.9.22.tgz",
      "integrity": "sha512-rA9Bf7+2lZupL1PlQU60o7cc0Og4MRz9it5LZlKOIwPENM1uEOjH48EFnNFniLyxIcz6vln0EicS96GsVCFx1Q==",
      "requires": {
        "bulma": "0.9.4"
      }
    },
    "bulma": {
      "version": "0.9.4",
      "resolved": "https://registry.npmmirror.com/bulma/-/bulma-0.9.4.tgz",
      "integrity": "sha512-86FlT5+1GrsgKbPLRRY7cGDg8fsJiP/jzTqXXVqiUZZ2aZT8uemEOHlU1CDU+TxklPEZ11HZNNWclRBBecP4CQ=="
    }
  }
}
